{
  "lockfile-version": 1,
  "manifest": {
    "version": 1,
    "install": {
      "cargo": {
        "pkg-path": "cargo"
      },
      "just": {
        "pkg-path": "just"
      },
      "nodejs": {
        "pkg-path": "nodejs"
      },
      "wasm-pack": {
        "pkg-path": "wasm-pack"
      }
    },
    "hook": {
      "on-activate": "  # Autogenerated by Flox\n\n  # Install nodejs dependencies\n  npm install\n\n  # End autogenerated by Flox\n"
    },
    "profile": {},
    "options": {
      "systems": [
        "aarch64-darwin",
        "aarch64-linux",
        "x86_64-darwin",
        "x86_64-linux"
      ],
      "allow": {
        "licenses": []
      },
      "semver": {}
    }
  },
  "packages": [
    {
      "attr_path": "cargo",
      "broken": false,
      "derivation": "/nix/store/zwzhcrg3d42aw4sxkfs3ygr2i44nql71-cargo-1.85.0.drv",
      "description": "Downloads your Rust project's dependencies and builds your project",
      "install_id": "cargo",
      "license": "[ MIT, Apache-2.0 ]",
      "locked_url": "https://github.com/flox/nixpkgs?rev=c80f6a7e10b39afcc1894e02ef785b1ad0b0d7e5",
      "name": "cargo-1.85.0",
      "pname": "cargo",
      "rev": "c80f6a7e10b39afcc1894e02ef785b1ad0b0d7e5",
      "rev_count": 768633,
      "rev_date": "2025-03-15T20:13:08Z",
      "scrape_date": "2025-03-17T00:32:15Z",
      "stabilities": [
        "unstable"
      ],
      "unfree": false,
      "version": "1.85.0",
      "outputs_to_install": [
        "out"
      ],
      "outputs": {
        "out": "/nix/store/cmiczpf80qdp9vnbckpk6cp8yclbni6y-cargo-1.85.0"
      },
      "system": "aarch64-darwin",
      "group": "toplevel",
      "priority": 5
    },
    {
      "attr_path": "cargo",
      "broken": false,
      "derivation": "/nix/store/2b7z02jiy3ndd56iqpzxkrkdwz5c5nap-cargo-1.85.0.drv",
      "description": "Downloads your Rust project's dependencies and builds your project",
      "install_id": "cargo",
      "license": "[ MIT, Apache-2.0 ]",
      "locked_url": "https://github.com/flox/nixpkgs?rev=c80f6a7e10b39afcc1894e02ef785b1ad0b0d7e5",
      "name": "cargo-1.85.0",
      "pname": "cargo",
      "rev": "c80f6a7e10b39afcc1894e02ef785b1ad0b0d7e5",
      "rev_count": 768633,
      "rev_date": "2025-03-15T20:13:08Z",
      "scrape_date": "2025-03-17T00:32:15Z",
      "stabilities": [
        "unstable"
      ],
      "unfree": false,
      "version": "1.85.0",
      "outputs_to_install": [
        "out"
      ],
      "outputs": {
        "out": "/nix/store/qzkb9zmyccr38rdv8glk6i9l2wc761cw-cargo-1.85.0"
      },
      "system": "aarch64-linux",
      "group": "toplevel",
      "priority": 5
    },
    {
      "attr_path": "cargo",
      "broken": false,
      "derivation": "/nix/store/iw4qb90wqkizy2axk8caad7afqhvknrd-cargo-1.85.0.drv",
      "description": "Downloads your Rust project's dependencies and builds your project",
      "install_id": "cargo",
      "license": "[ MIT, Apache-2.0 ]",
      "locked_url": "https://github.com/flox/nixpkgs?rev=c80f6a7e10b39afcc1894e02ef785b1ad0b0d7e5",
      "name": "cargo-1.85.0",
      "pname": "cargo",
      "rev": "c80f6a7e10b39afcc1894e02ef785b1ad0b0d7e5",
      "rev_count": 768633,
      "rev_date": "2025-03-15T20:13:08Z",
      "scrape_date": "2025-03-17T00:32:15Z",
      "stabilities": [
        "unstable"
      ],
      "unfree": false,
      "version": "1.85.0",
      "outputs_to_install": [
        "out"
      ],
      "outputs": {
        "out": "/nix/store/nlv4aicads6f0alzkb2kjiqwc6ljzjnf-cargo-1.85.0"
      },
      "system": "x86_64-darwin",
      "group": "toplevel",
      "priority": 5
    },
    {
      "attr_path": "cargo",
      "broken": false,
      "derivation": "/nix/store/0nvv3swfyq2d5h7knxsyj8bc3nzlywm2-cargo-1.85.0.drv",
      "description": "Downloads your Rust project's dependencies and builds your project",
      "install_id": "cargo",
      "license": "[ MIT, Apache-2.0 ]",
      "locked_url": "https://github.com/flox/nixpkgs?rev=c80f6a7e10b39afcc1894e02ef785b1ad0b0d7e5",
      "name": "cargo-1.85.0",
      "pname": "cargo",
      "rev": "c80f6a7e10b39afcc1894e02ef785b1ad0b0d7e5",
      "rev_count": 768633,
      "rev_date": "2025-03-15T20:13:08Z",
      "scrape_date": "2025-03-17T00:32:15Z",
      "stabilities": [
        "unstable"
      ],
      "unfree": false,
      "version": "1.85.0",
      "outputs_to_install": [
        "out"
      ],
      "outputs": {
        "out": "/nix/store/wvcl683adl5vsc2873rdcs255zq3j7yk-cargo-1.85.0"
      },
      "system": "x86_64-linux",
      "group": "toplevel",
      "priority": 5
    },
    {
      "attr_path": "just",
      "broken": false,
      "derivation": "/nix/store/mx9x5wl5c2v1jqmq0rw85534lcsz0m89-just-1.39.0.drv",
      "description": "Handy way to save and run project-specific commands",
      "install_id": "just",
      "license": "CC0-1.0",
      "locked_url": "https://github.com/flox/nixpkgs?rev=c80f6a7e10b39afcc1894e02ef785b1ad0b0d7e5",
      "name": "just-1.39.0",
      "pname": "just",
      "rev": "c80f6a7e10b39afcc1894e02ef785b1ad0b0d7e5",
      "rev_count": 768633,
      "rev_date": "2025-03-15T20:13:08Z",
      "scrape_date": "2025-03-17T00:32:15Z",
      "stabilities": [
        "unstable"
      ],
      "unfree": false,
      "version": "1.39.0",
      "outputs_to_install": [
        "man",
        "out"
      ],
      "outputs": {
        "doc": "/nix/store/8ia8s6fswr3xssckiv7iw1pvd9lks8a0-just-1.39.0-doc",
        "man": "/nix/store/0xrvy26jc785hasvar4nkv6vgayljha7-just-1.39.0-man",
        "out": "/nix/store/rsrpzvacsxab9r2kcijcdhz3k3sv0hr4-just-1.39.0"
      },
      "system": "aarch64-darwin",
      "group": "toplevel",
      "priority": 5
    },
    {
      "attr_path": "just",
      "broken": false,
      "derivation": "/nix/store/98wgykw44zcr2sy9ysfhyg0l6mrsx0ik-just-1.39.0.drv",
      "description": "Handy way to save and run project-specific commands",
      "install_id": "just",
      "license": "CC0-1.0",
      "locked_url": "https://github.com/flox/nixpkgs?rev=c80f6a7e10b39afcc1894e02ef785b1ad0b0d7e5",
      "name": "just-1.39.0",
      "pname": "just",
      "rev": "c80f6a7e10b39afcc1894e02ef785b1ad0b0d7e5",
      "rev_count": 768633,
      "rev_date": "2025-03-15T20:13:08Z",
      "scrape_date": "2025-03-17T00:32:15Z",
      "stabilities": [
        "unstable"
      ],
      "unfree": false,
      "version": "1.39.0",
      "outputs_to_install": [
        "man",
        "out"
      ],
      "outputs": {
        "doc": "/nix/store/1ij71rygj6hap754rl06paavm1p58q82-just-1.39.0-doc",
        "man": "/nix/store/r4cks6hdif2ldgpgk16ymiww71xyi9gm-just-1.39.0-man",
        "out": "/nix/store/nrna4lsqfbqppzi4rkqx1lxhz76a8dpf-just-1.39.0"
      },
      "system": "aarch64-linux",
      "group": "toplevel",
      "priority": 5
    },
    {
      "attr_path": "just",
      "broken": false,
      "derivation": "/nix/store/zvjbzjkid91jviidn8rvjhsd27dx6wqn-just-1.39.0.drv",
      "description": "Handy way to save and run project-specific commands",
      "install_id": "just",
      "license": "CC0-1.0",
      "locked_url": "https://github.com/flox/nixpkgs?rev=c80f6a7e10b39afcc1894e02ef785b1ad0b0d7e5",
      "name": "just-1.39.0",
      "pname": "just",
      "rev": "c80f6a7e10b39afcc1894e02ef785b1ad0b0d7e5",
      "rev_count": 768633,
      "rev_date": "2025-03-15T20:13:08Z",
      "scrape_date": "2025-03-17T00:32:15Z",
      "stabilities": [
        "unstable"
      ],
      "unfree": false,
      "version": "1.39.0",
      "outputs_to_install": [
        "man",
        "out"
      ],
      "outputs": {
        "doc": "/nix/store/xwbypyc4yxd98dgxgndi2fsg8jpi282b-just-1.39.0-doc",
        "man": "/nix/store/cwwg6hfcb9cylap9yl0b6lrrgp8cik9d-just-1.39.0-man",
        "out": "/nix/store/qcl4qqysrdl5b5mwni2gv9898sslfrrq-just-1.39.0"
      },
      "system": "x86_64-darwin",
      "group": "toplevel",
      "priority": 5
    },
    {
      "attr_path": "just",
      "broken": false,
      "derivation": "/nix/store/r7dlnw5b1mbl5m5pxlm3kjnblc8fhf1k-just-1.39.0.drv",
      "description": "Handy way to save and run project-specific commands",
      "install_id": "just",
      "license": "CC0-1.0",
      "locked_url": "https://github.com/flox/nixpkgs?rev=c80f6a7e10b39afcc1894e02ef785b1ad0b0d7e5",
      "name": "just-1.39.0",
      "pname": "just",
      "rev": "c80f6a7e10b39afcc1894e02ef785b1ad0b0d7e5",
      "rev_count": 768633,
      "rev_date": "2025-03-15T20:13:08Z",
      "scrape_date": "2025-03-17T00:32:15Z",
      "stabilities": [
        "unstable"
      ],
      "unfree": false,
      "version": "1.39.0",
      "outputs_to_install": [
        "man",
        "out"
      ],
      "outputs": {
        "doc": "/nix/store/3y8hj3rhxfhjmr96lcjx1q10cy8q070s-just-1.39.0-doc",
        "man": "/nix/store/m7ab9fghr4zp84l02842n5b2j7xhgiyq-just-1.39.0-man",
        "out": "/nix/store/xpk2z6s2p98pp6xm0zyl5f4x7aibw6vv-just-1.39.0"
      },
      "system": "x86_64-linux",
      "group": "toplevel",
      "priority": 5
    },
    {
      "attr_path": "nodejs",
      "broken": false,
      "derivation": "/nix/store/0vf1qjh3y9f9f9z6w2rhj69xj3sjlcdq-nodejs-22.14.0.drv",
      "description": "Event-driven I/O framework for the V8 JavaScript engine",
      "install_id": "nodejs",
      "license": "MIT",
      "locked_url": "https://github.com/flox/nixpkgs?rev=c80f6a7e10b39afcc1894e02ef785b1ad0b0d7e5",
      "name": "nodejs-22.14.0",
      "pname": "nodejs",
      "rev": "c80f6a7e10b39afcc1894e02ef785b1ad0b0d7e5",
      "rev_count": 768633,
      "rev_date": "2025-03-15T20:13:08Z",
      "scrape_date": "2025-03-17T00:32:15Z",
      "stabilities": [
        "unstable"
      ],
      "unfree": false,
      "version": "22.14.0",
      "outputs_to_install": [
        "out"
      ],
      "outputs": {
        "libv8": "/nix/store/q6xnd2kar3sh0jnwic7z2k0fm3450xrs-nodejs-22.14.0-libv8",
        "out": "/nix/store/gxr9abzyqmva25p3k142qs1djj9q5fqw-nodejs-22.14.0"
      },
      "system": "aarch64-darwin",
      "group": "toplevel",
      "priority": 5
    },
    {
      "attr_path": "nodejs",
      "broken": false,
      "derivation": "/nix/store/mv2wz78naj8v3vxzd394zjbczr49a3nq-nodejs-22.14.0.drv",
      "description": "Event-driven I/O framework for the V8 JavaScript engine",
      "install_id": "nodejs",
      "license": "MIT",
      "locked_url": "https://github.com/flox/nixpkgs?rev=c80f6a7e10b39afcc1894e02ef785b1ad0b0d7e5",
      "name": "nodejs-22.14.0",
      "pname": "nodejs",
      "rev": "c80f6a7e10b39afcc1894e02ef785b1ad0b0d7e5",
      "rev_count": 768633,
      "rev_date": "2025-03-15T20:13:08Z",
      "scrape_date": "2025-03-17T00:32:15Z",
      "stabilities": [
        "unstable"
      ],
      "unfree": false,
      "version": "22.14.0",
      "outputs_to_install": [
        "out"
      ],
      "outputs": {
        "libv8": "/nix/store/5qv5cl1s9hjhyjhd4nmgndf1ccf3mc4r-nodejs-22.14.0-libv8",
        "out": "/nix/store/5baih13vgavgia3889wsvh4n4z0mkawd-nodejs-22.14.0"
      },
      "system": "aarch64-linux",
      "group": "toplevel",
      "priority": 5
    },
    {
      "attr_path": "nodejs",
      "broken": false,
      "derivation": "/nix/store/4cqnziwc9xm2cs9wa7f6hqbfk1p16pg3-nodejs-22.14.0.drv",
      "description": "Event-driven I/O framework for the V8 JavaScript engine",
      "install_id": "nodejs",
      "license": "MIT",
      "locked_url": "https://github.com/flox/nixpkgs?rev=c80f6a7e10b39afcc1894e02ef785b1ad0b0d7e5",
      "name": "nodejs-22.14.0",
      "pname": "nodejs",
      "rev": "c80f6a7e10b39afcc1894e02ef785b1ad0b0d7e5",
      "rev_count": 768633,
      "rev_date": "2025-03-15T20:13:08Z",
      "scrape_date": "2025-03-17T00:32:15Z",
      "stabilities": [
        "unstable"
      ],
      "unfree": false,
      "version": "22.14.0",
      "outputs_to_install": [
        "out"
      ],
      "outputs": {
        "libv8": "/nix/store/jg0m7pq2hvqrkm1vx22sghqvc9vnn35h-nodejs-22.14.0-libv8",
        "out": "/nix/store/8b56xv3fa7v0w0kpr2yvkxq6cb2kknd0-nodejs-22.14.0"
      },
      "system": "x86_64-darwin",
      "group": "toplevel",
      "priority": 5
    },
    {
      "attr_path": "nodejs",
      "broken": false,
      "derivation": "/nix/store/355wccz7k0y4wz9y0fvp063xrfq3n1nc-nodejs-22.14.0.drv",
      "description": "Event-driven I/O framework for the V8 JavaScript engine",
      "install_id": "nodejs",
      "license": "MIT",
      "locked_url": "https://github.com/flox/nixpkgs?rev=c80f6a7e10b39afcc1894e02ef785b1ad0b0d7e5",
      "name": "nodejs-22.14.0",
      "pname": "nodejs",
      "rev": "c80f6a7e10b39afcc1894e02ef785b1ad0b0d7e5",
      "rev_count": 768633,
      "rev_date": "2025-03-15T20:13:08Z",
      "scrape_date": "2025-03-17T00:32:15Z",
      "stabilities": [
        "unstable"
      ],
      "unfree": false,
      "version": "22.14.0",
      "outputs_to_install": [
        "out"
      ],
      "outputs": {
        "libv8": "/nix/store/hs3x57x6gw75sgwa081d3ir63rz7phmb-nodejs-22.14.0-libv8",
        "out": "/nix/store/87hsv7pc321h80j7223209nxc8vmabqb-nodejs-22.14.0"
      },
      "system": "x86_64-linux",
      "group": "toplevel",
      "priority": 5
    },
    {
      "attr_path": "wasm-pack",
      "broken": false,
      "derivation": "/nix/store/g60dg2374ahcsgxq48akcg63694vl1wv-wasm-pack-0.13.1.drv",
      "description": "Utility that builds rust-generated WebAssembly package",
      "install_id": "wasm-pack",
      "license": "[ Apache-2.0, MIT ]",
      "locked_url": "https://github.com/flox/nixpkgs?rev=c80f6a7e10b39afcc1894e02ef785b1ad0b0d7e5",
      "name": "wasm-pack-0.13.1",
      "pname": "wasm-pack",
      "rev": "c80f6a7e10b39afcc1894e02ef785b1ad0b0d7e5",
      "rev_count": 768633,
      "rev_date": "2025-03-15T20:13:08Z",
      "scrape_date": "2025-03-17T00:32:15Z",
      "stabilities": [
        "unstable"
      ],
      "unfree": false,
      "version": "0.13.1",
      "outputs_to_install": [
        "out"
      ],
      "outputs": {
        "out": "/nix/store/s60d3ga2vfzmcc51sm6bk1by5d7mqscq-wasm-pack-0.13.1"
      },
      "system": "aarch64-darwin",
      "group": "toplevel",
      "priority": 5
    },
    {
      "attr_path": "wasm-pack",
      "broken": false,
      "derivation": "/nix/store/hd93svpka29bnr869azxj2gs5ygxb7h8-wasm-pack-0.13.1.drv",
      "description": "Utility that builds rust-generated WebAssembly package",
      "install_id": "wasm-pack",
      "license": "[ Apache-2.0, MIT ]",
      "locked_url": "https://github.com/flox/nixpkgs?rev=c80f6a7e10b39afcc1894e02ef785b1ad0b0d7e5",
      "name": "wasm-pack-0.13.1",
      "pname": "wasm-pack",
      "rev": "c80f6a7e10b39afcc1894e02ef785b1ad0b0d7e5",
      "rev_count": 768633,
      "rev_date": "2025-03-15T20:13:08Z",
      "scrape_date": "2025-03-17T00:32:15Z",
      "stabilities": [
        "unstable"
      ],
      "unfree": false,
      "version": "0.13.1",
      "outputs_to_install": [
        "out"
      ],
      "outputs": {
        "out": "/nix/store/7nkivkpz1c7ihvbd8vwwn3xhssaqzmiz-wasm-pack-0.13.1"
      },
      "system": "aarch64-linux",
      "group": "toplevel",
      "priority": 5
    },
    {
      "attr_path": "wasm-pack",
      "broken": false,
      "derivation": "/nix/store/vmx7fcznk7cacxbl4q8rykngln2xc5b2-wasm-pack-0.13.1.drv",
      "description": "Utility that builds rust-generated WebAssembly package",
      "install_id": "wasm-pack",
      "license": "[ Apache-2.0, MIT ]",
      "locked_url": "https://github.com/flox/nixpkgs?rev=c80f6a7e10b39afcc1894e02ef785b1ad0b0d7e5",
      "name": "wasm-pack-0.13.1",
      "pname": "wasm-pack",
      "rev": "c80f6a7e10b39afcc1894e02ef785b1ad0b0d7e5",
      "rev_count": 768633,
      "rev_date": "2025-03-15T20:13:08Z",
      "scrape_date": "2025-03-17T00:32:15Z",
      "stabilities": [
        "unstable"
      ],
      "unfree": false,
      "version": "0.13.1",
      "outputs_to_install": [
        "out"
      ],
      "outputs": {
        "out": "/nix/store/6vywsif3v7lg3frp0kbnxmiaxmwvm2va-wasm-pack-0.13.1"
      },
      "system": "x86_64-darwin",
      "group": "toplevel",
      "priority": 5
    },
    {
      "attr_path": "wasm-pack",
      "broken": false,
      "derivation": "/nix/store/ba312zy1gvfnbwhm95l11vpxrmjavfcn-wasm-pack-0.13.1.drv",
      "description": "Utility that builds rust-generated WebAssembly package",
      "install_id": "wasm-pack",
      "license": "[ Apache-2.0, MIT ]",
      "locked_url": "https://github.com/flox/nixpkgs?rev=c80f6a7e10b39afcc1894e02ef785b1ad0b0d7e5",
      "name": "wasm-pack-0.13.1",
      "pname": "wasm-pack",
      "rev": "c80f6a7e10b39afcc1894e02ef785b1ad0b0d7e5",
      "rev_count": 768633,
      "rev_date": "2025-03-15T20:13:08Z",
      "scrape_date": "2025-03-17T00:32:15Z",
      "stabilities": [
        "unstable"
      ],
      "unfree": false,
      "version": "0.13.1",
      "outputs_to_install": [
        "out"
      ],
      "outputs": {
        "out": "/nix/store/v6n4nfp8xs9d0b3ka6d3rj3d9rfdrx05-wasm-pack-0.13.1"
      },
      "system": "x86_64-linux",
      "group": "toplevel",
      "priority": 5
    }
  ]
}